PODS:
  - Cluster (3.0.3)
  - FittedSheets (2.4.2)
  - IQKeyboardManager (6.5.9)
  - SnapKit (5.0.1)

DEPENDENCIES:
  - Cluster
  - FittedSheets
  - IQKeyboardManager
  - SnapKit

SPEC REPOS:
  trunk:
    - Cluster
    - FittedSheets
    - IQKeyboardManager
    - SnapKit

SPEC CHECKSUMS:
  Cluster: d72510594f60d901905953aafdc811d1888177ae
  FittedSheets: 661408776eb4ff514a31da75b3600bd7222b2b3d
  IQKeyboardManager: 241cc94ccabc9deb8f8bd7d12f00d73288d13ecc
  SnapKit: 97b92857e3df3a0c71833cce143274bf6ef8e5eb

PODFILE CHECKSUM: 5d36341012baddbec7beb43d46fca7a93375e6e2

COCOAPODS: 1.11.2
